
Microsoft Visual Studio Solution File, Format Version 12.00
# Visual Studio Version 18
VisualStudioVersion = 18.0.11222.15
MinimumVisualStudioVersion = 10.0.40219.1
Project("{FAE04EC0-301F-11D3-BF4B-00C04F79EFBC}") = "lb2", "lb1\lb2.csproj", "{FE475449-372F-4C32-8B70-8BA737D2AE11}"
EndProject
Project("{FAE04EC0-301F-11D3-BF4B-00C04F79EFBC}") = "Model", "Model\Model.csproj", "{FD787D54-6A1F-43E7-AAD2-BE51A142FA36}"
EndProject
Global
	GlobalSection(SolutionConfigurationPlatforms) = preSolution
		Debug|Any CPU = Debug|Any CPU
		Release|Any CPU = Release|Any CPU
	EndGlobalSection
	GlobalSection(ProjectConfigurationPlatforms) = postSolution
		{FE475449-372F-4C32-8B70-8BA737D2AE11}.Debug|Any CPU.ActiveCfg = Debug|Any CPU
		{FE475449-372F-4C32-8B70-8BA737D2AE11}.Debug|Any CPU.Build.0 = Debug|Any CPU
		{FE475449-372F-4C32-8B70-8BA737D2AE11}.Release|Any CPU.ActiveCfg = Release|Any CPU
		{FE475449-372F-4C32-8B70-8BA737D2AE11}.Release|Any CPU.Build.0 = Release|Any CPU
		{FD787D54-6A1F-43E7-AAD2-BE51A142FA36}.Debug|Any CPU.ActiveCfg = Debug|Any CPU
		{FD787D54-6A1F-43E7-AAD2-BE51A142FA36}.Debug|Any CPU.Build.0 = Debug|Any CPU
		{FD787D54-6A1F-43E7-AAD2-BE51A142FA36}.Release|Any CPU.ActiveCfg = Release|Any CPU
		{FD787D54-6A1F-43E7-AAD2-BE51A142FA36}.Release|Any CPU.Build.0 = Release|Any CPU
	EndGlobalSection
	GlobalSection(SolutionProperties) = preSolution
		HideSolutionNode = FALSE
	EndGlobalSection
	GlobalSection(ExtensibilityGlobals) = postSolution
		SolutionGuid = {A66851EE-8C11-4EAC-8F13-F5195539FFE7}
	EndGlobalSection
EndGlobal
